
Microsoft Visual Studio Solution File, Format Version 12.00
# Visual Studio Version 17
VisualStudioVersion = 17.0.31903.59
MinimumVisualStudioVersion = 10.0.40219.1
Project("{FAE04EC0-301F-11D3-BF4B-00C04F79EFBC}") = "PaymentContext.Domain", "PaymentContext.Domain\PaymentContext.Domain.csproj", "{C8999315-7B20-4737-A540-13D17C762425}"
EndProject
Project("{FAE04EC0-301F-11D3-BF4B-00C04F79EFBC}") = "PaymentContext.Shared", "PaymentContext.Shared\PaymentContext.Shared.csproj", "{AE05D8C3-24E1-4587-B246-194C5C3B14E1}"
EndProject
Project("{FAE04EC0-301F-11D3-BF4B-00C04F79EFBC}") = "PaymentContext.Tests", "PaymentContext.Tests\PaymentContext.Tests.csproj", "{AD9B2141-4F70-47A8-8EE8-CA7FF5E326A1}"
EndProject
Global
	GlobalSection(SolutionConfigurationPlatforms) = preSolution
		Debug|Any CPU = Debug|Any CPU
		Release|Any CPU = Release|Any CPU
	EndGlobalSection
	GlobalSection(SolutionProperties) = preSolution
		HideSolutionNode = FALSE
	EndGlobalSection
	GlobalSection(ProjectConfigurationPlatforms) = postSolution
		{C8999315-7B20-4737-A540-13D17C762425}.Debug|Any CPU.ActiveCfg = Debug|Any CPU
		{C8999315-7B20-4737-A540-13D17C762425}.Debug|Any CPU.Build.0 = Debug|Any CPU
		{C8999315-7B20-4737-A540-13D17C762425}.Release|Any CPU.ActiveCfg = Release|Any CPU
		{C8999315-7B20-4737-A540-13D17C762425}.Release|Any CPU.Build.0 = Release|Any CPU
		{AE05D8C3-24E1-4587-B246-194C5C3B14E1}.Debug|Any CPU.ActiveCfg = Debug|Any CPU
		{AE05D8C3-24E1-4587-B246-194C5C3B14E1}.Debug|Any CPU.Build.0 = Debug|Any CPU
		{AE05D8C3-24E1-4587-B246-194C5C3B14E1}.Release|Any CPU.ActiveCfg = Release|Any CPU
		{AE05D8C3-24E1-4587-B246-194C5C3B14E1}.Release|Any CPU.Build.0 = Release|Any CPU
		{AD9B2141-4F70-47A8-8EE8-CA7FF5E326A1}.Debug|Any CPU.ActiveCfg = Debug|Any CPU
		{AD9B2141-4F70-47A8-8EE8-CA7FF5E326A1}.Debug|Any CPU.Build.0 = Debug|Any CPU
		{AD9B2141-4F70-47A8-8EE8-CA7FF5E326A1}.Release|Any CPU.ActiveCfg = Release|Any CPU
		{AD9B2141-4F70-47A8-8EE8-CA7FF5E326A1}.Release|Any CPU.Build.0 = Release|Any CPU
	EndGlobalSection
EndGlobal
